# This file is automatically @generated by Cargo.
# It is not intended for manual editing.
version = 4

[[package]]
name = "crates-release"
version = "0.0.0"
dependencies = [
 "semver",
 "simple-json-parser",
 "simple-toml-parser",
]

[[package]]
name = "semver"
version = "1.0.26"
source = "registry+https://github.com/rust-lang/crates.io-index"
checksum = "56e6fa9c48d24d85fb3de5ad847117517440f6beceb7798af16b4a87d616b8d0"

[[package]]
name = "simple-json-parser"
version = "0.0.5"
source = "git+https://github.com/kaleidawave/simple-json-parser.git?branch=improvements#5162520517ef361b19b6fd9d1022eddbe215bb3e"

[[package]]
name = "simple-toml-parser"
version = "0.0.0"
source = "git+https://github.com/kaleidawave/simple-toml-parser.git?branch=improvements#8e8f0fb57bfac74a0cba98f7b87e1fb0b6e0c438"
